{
  "version": 4,
  "terraform_version": "1.0.9",
  "serial": 3,
  "lineage": "e0eeb287-9f32-61fb-f302-b399489b0188",
  "outputs": {},
  "resources": [
    {
      "mode": "data",
      "type": "github_user",
      "name": "self",
      "provider": "provider[\"registry.terraform.io/integrations/github\"]",
      "instances": [
        {
          "schema_version": 0,
          "attributes": {
            "avatar_url": "https://avatars.githubusercontent.com/u/54133?v=4",
            "bio": "Principal Software Engineer @ Red Hat and JBoss Forge Project Lead. Works on @quarkusio. Enjoys submitting PRs to interesting projects\r\n",
            "blog": "http://gastaldi.wordpress.com",
            "company": "Red Hat, Inc.",
            "created_at": null,
            "email": "gegastaldi@gmail.com",
            "followers": 207,
            "following": 81,
            "gpg_keys": [
              "xsFNBFzoMn8BEACuDctTlljHt2trR+eA46iAb5NaG7SrfFU2tqa44E20YyA/CCsDoJoG8/GvCgqR+hiTR6j1KknGGnn4gg7cgUiBvP/2nxmnnM7nQyASCo0dCT2UMXWboC6YgL0GceDwyNQNYxfuzAWFVu2oqLd5AJvlnW2+L9/BZ0budBqtnpSYvkBuZUXiuKL96Qla3BSXgymBa1naBk0OG188tNQCmWoWlurH8jSgtR35EZ2KWW9o12KIBiiNneaKtOAPQdzS4CbY9guKCnCKwY8eJFIFEv916eb63DqIjBldaNNuD8htKdzfaNQr4lR5+YBjL1qbjamIBi94Z0pPcnXrArKKdrLy49+9giOsb7Gn/H7h0vWBZyP3WtB9K2qdHHICbQXLO7wVUmFNfIGGY76BhfMOGd6JGbBEjufYHP8oolBiKn/GsQifLfG6bvIaFmQxOanzH2TRT9/eG3JrP3ee+9Fn84uHITAfR1q5qmTcdHRudC5sOjJ1cDzEsCkXtL6kBN43wy9GZBCWofRbXvldhOB2aE7S4s95189dNLUxS956zQLLpdle2RfbPjsrjTJIAAGFlGr5iOB13Y8+1A5tNn9TkxIHKqtCacJfWT4+T09ujKDVvf/VZi8mPQk7yIvAF/ALD5giveNntmbjmbRV3tl71q7O9D9ZPOTzTYRzEecVH1DPbQARAQAB"
            ],
            "gravatar_id": "",
            "id": "54133",
            "location": "Joinville, Santa Catarina, Brasil",
            "login": "gastaldi",
            "name": "George Gastaldi",
            "node_id": "MDQ6VXNlcjU0MTMz",
            "public_gists": 88,
            "public_repos": 239,
            "site_admin": false,
            "ssh_keys": [
              "ssh-rsa AAAAB3NzaC1yc2EAAAABIwAAAQEAwMYBvKGSU+jVC8UExkAmDXGMXQkDh4xsEW/6z2XDRwfotMdgw+rUQHQsBBx2MvDHDlifF0IaIa5DsNEF80IcET4pmSCsBJZFKc0YXcoJ8UzKs7n0ropBg2F6OYfsBoYqGdlBp3ffgRfj3sz0HxcJpVlrDewJkK8nks7ZGBUQy2IpNVD0Pp72KyiiUKlFhEZvXY5NZfSTbtO0HyyhlZyxmIKBUvJyXLsaLck78ZAqc4ULW1c3BiDFwLRlEOFR/N31V6mLaGd1CLt8WH4x5jSiUwwScYc9+LjtE2tdyDGYvCMfTV1fDe94W17Aq+QJzvWme3rCQaYr2aWQam+aFkIJtw=="
            ],
            "updated_at": null,
            "username": null
          },
          "sensitive_attributes": []
        }
      ]
    },
    {
      "module": "module.repositories",
      "mode": "managed",
      "type": "github_repository",
      "name": "quarkus_logging_sentry",
      "provider": "provider[\"registry.terraform.io/hashicorp/github\"]",
      "instances": [
        {
          "schema_version": 0,
          "attributes": {
            "allow_auto_merge": false,
            "allow_merge_commit": true,
            "allow_rebase_merge": true,
            "allow_squash_merge": true,
            "archive_on_destroy": null,
            "archived": false,
            "auto_init": null,
            "default_branch": "main",
            "delete_branch_on_merge": true,
            "description": "Quarkus extension for Sentry, a self-hosted or cloud-based error monitoring solution",
            "etag": "W/\"af88d68d4a18717def209d2bc14385394af0f13ce34f61b7adcc02067981e237\"",
            "full_name": "quarkiverse/quarkus-logging-sentry",
            "git_clone_url": "git://github.com/quarkiverse/quarkus-logging-sentry.git",
            "gitignore_template": null,
            "has_downloads": false,
            "has_issues": false,
            "has_projects": false,
            "has_wiki": false,
            "homepage_url": "",
            "html_url": "https://github.com/quarkiverse/quarkus-logging-sentry",
            "http_clone_url": "https://github.com/quarkiverse/quarkus-logging-sentry.git",
            "id": "quarkus-logging-sentry",
            "is_template": false,
            "license_template": null,
            "name": "quarkus-logging-sentry",
            "node_id": "R_kgDOGStSmA",
            "pages": [],
            "private": false,
            "repo_id": 422269592,
            "ssh_clone_url": "git@github.com:quarkiverse/quarkus-logging-sentry.git",
            "svn_url": "https://github.com/quarkiverse/quarkus-logging-sentry",
            "template": [],
            "topics": [
              "quarkus-extension"
            ],
            "visibility": "public",
            "vulnerability_alerts": false
          },
          "sensitive_attributes": [],
          "private": "bnVsbA=="
        }
      ]
    },
    {
      "module": "module.repositories",
      "mode": "managed",
      "type": "github_team",
      "name": "quarkus_logging_sentry",
      "provider": "provider[\"registry.terraform.io/hashicorp/github\"]",
      "instances": [
        {
          "schema_version": 0,
          "attributes": {
            "create_default_maintainer": false,
            "description": "Quarkiverse team for the Sentry Logging extension",
            "etag": "W/\"dd0ee59f7049e56549cbb0de51a11da24b56e3b60cdbbb6b3164e5a74bf40978\"",
            "id": "5300000",
            "ldap_dn": "",
            "members_count": 1,
            "name": "quarkiverse-logging-sentry",
            "node_id": "T_kwDOBB_IY84AUN8g",
            "parent_team_id": null,
            "privacy": "closed",
            "slug": "quarkiverse-logging-sentry"
          },
          "sensitive_attributes": [],
          "private": "bnVsbA=="
        }
      ]
    },
    {
      "module": "module.repositories",
      "mode": "managed",
      "type": "github_team_membership",
      "name": "quarkus_logging_sentry",
      "provider": "provider[\"registry.terraform.io/hashicorp/github\"]",
      "instances": [
        {
          "index_key": "gsmet",
          "schema_version": 0,
          "attributes": {
            "etag": "W/\"466f323416f9876c98c60fc4d199e519b981c210837e622108e925eb2e173abb\"",
            "id": "5300000:gsmet",
            "role": "maintainer",
            "team_id": "5300000",
            "username": "gsmet"
          },
          "sensitive_attributes": [],
          "private": "bnVsbA==",
          "dependencies": [
            "module.repositories.github_team.quarkus_logging_sentry"
          ]
        },
        {
          "index_key": "ia3andy",
          "schema_version": 0,
          "attributes": {
            "etag": "W/\"376a07dd0a5fb42d11aad6d537f2fba37d4b1ee50c4fbca9bc3f56b2b120b046\"",
            "id": "5300000:ia3andy",
            "role": "maintainer",
            "team_id": "5300000",
            "username": "ia3andy"
          },
          "sensitive_attributes": [],
          "private": "bnVsbA==",
          "dependencies": [
            "module.repositories.github_team.quarkus_logging_sentry"
          ]
        }
      ]
    },
    {
      "module": "module.repositories",
      "mode": "managed",
      "type": "github_team_repository",
      "name": "quarkus_logging_sentry",
      "provider": "provider[\"registry.terraform.io/hashicorp/github\"]",
      "instances": [
        {
          "schema_version": 0,
          "attributes": {
            "etag": "W/\"9d8c83409627f85a2b50fa77e73586237d7fdbb9f9e4aace4423bc1f6d04f75d\"",
            "id": "5300000:quarkus-logging-sentry",
            "permission": "maintain",
            "repository": "quarkus-logging-sentry",
            "team_id": "5300000"
          },
          "sensitive_attributes": [],
          "private": "bnVsbA==",
          "dependencies": [
            "module.repositories.github_team.quarkus_logging_sentry",
            "module.repositories.github_repository.quarkus_logging_sentry"
          ]
        }
      ]
    }
  ]
}
