{
  "version": 4,
  "terraform_version": "1.0.9",
  "serial": 37,
  "lineage": "5652bf28-0330-ccc0-344a-497cdccd3e5b",
  "outputs": {},
  "resources": [
    {
      "mode": "data",
      "type": "github_user",
      "name": "self",
      "provider": "provider[\"registry.terraform.io/integrations/github\"]",
      "instances": [
        {
          "schema_version": 0,
          "attributes": {
            "avatar_url": "https://avatars.githubusercontent.com/u/54133?v=4",
            "bio": "Principal Software Engineer @ Red Hat and JBoss Forge Project Lead. Works on @quarkusio. Enjoys submitting PRs to interesting projects\r\n",
            "blog": "http://gastaldi.wordpress.com",
            "company": "Red Hat, Inc.",
            "created_at": null,
            "email": "gegastaldi@gmail.com",
            "followers": 207,
            "following": 81,
            "gpg_keys": [
              "xsFNBFzoMn8BEACuDctTlljHt2trR+eA46iAb5NaG7SrfFU2tqa44E20YyA/CCsDoJoG8/GvCgqR+hiTR6j1KknGGnn4gg7cgUiBvP/2nxmnnM7nQyASCo0dCT2UMXWboC6YgL0GceDwyNQNYxfuzAWFVu2oqLd5AJvlnW2+L9/BZ0budBqtnpSYvkBuZUXiuKL96Qla3BSXgymBa1naBk0OG188tNQCmWoWlurH8jSgtR35EZ2KWW9o12KIBiiNneaKtOAPQdzS4CbY9guKCnCKwY8eJFIFEv916eb63DqIjBldaNNuD8htKdzfaNQr4lR5+YBjL1qbjamIBi94Z0pPcnXrArKKdrLy49+9giOsb7Gn/H7h0vWBZyP3WtB9K2qdHHICbQXLO7wVUmFNfIGGY76BhfMOGd6JGbBEjufYHP8oolBiKn/GsQifLfG6bvIaFmQxOanzH2TRT9/eG3JrP3ee+9Fn84uHITAfR1q5qmTcdHRudC5sOjJ1cDzEsCkXtL6kBN43wy9GZBCWofRbXvldhOB2aE7S4s95189dNLUxS956zQLLpdle2RfbPjsrjTJIAAGFlGr5iOB13Y8+1A5tNn9TkxIHKqtCacJfWT4+T09ujKDVvf/VZi8mPQk7yIvAF/ALD5giveNntmbjmbRV3tl71q7O9D9ZPOTzTYRzEecVH1DPbQARAQAB"
            ],
            "gravatar_id": "",
            "id": "54133",
            "location": "Joinville, Santa Catarina, Brasil",
            "login": "gastaldi",
            "name": "George Gastaldi",
            "node_id": "MDQ6VXNlcjU0MTMz",
            "public_gists": 88,
            "public_repos": 239,
            "site_admin": false,
            "ssh_keys": [
              "ssh-rsa AAAAB3NzaC1yc2EAAAABIwAAAQEAwMYBvKGSU+jVC8UExkAmDXGMXQkDh4xsEW/6z2XDRwfotMdgw+rUQHQsBBx2MvDHDlifF0IaIa5DsNEF80IcET4pmSCsBJZFKc0YXcoJ8UzKs7n0ropBg2F6OYfsBoYqGdlBp3ffgRfj3sz0HxcJpVlrDewJkK8nks7ZGBUQy2IpNVD0Pp72KyiiUKlFhEZvXY5NZfSTbtO0HyyhlZyxmIKBUvJyXLsaLck78ZAqc4ULW1c3BiDFwLRlEOFR/N31V6mLaGd1CLt8WH4x5jSiUwwScYc9+LjtE2tdyDGYvCMfTV1fDe94W17Aq+QJzvWme3rCQaYr2aWQam+aFkIJtw=="
            ],
            "updated_at": null,
            "username": null
          },
          "sensitive_attributes": []
        }
      ]
    },
    {
      "module": "module.repositories",
      "mode": "managed",
      "type": "github_repository",
      "name": "quarkus_jberet",
      "provider": "provider[\"registry.terraform.io/hashicorp/github\"]",
      "instances": [
        {
          "schema_version": 0,
          "attributes": {
            "allow_auto_merge": false,
            "allow_merge_commit": true,
            "allow_rebase_merge": true,
            "allow_squash_merge": true,
            "archive_on_destroy": null,
            "archived": false,
            "auto_init": false,
            "default_branch": "main",
            "delete_branch_on_merge": true,
            "description": "Quarkus Extension for Batch Applications.",
            "etag": "W/\"f0a9256ee8940eeadbcf46d09b2cb679004e5ab7c43b1821d9cdf5f315ee36ab\"",
            "full_name": "quarkiverse/quarkus-jberet",
            "git_clone_url": "git://github.com/quarkiverse/quarkus-jberet.git",
            "gitignore_template": null,
            "has_downloads": false,
            "has_issues": false,
            "has_projects": false,
            "has_wiki": false,
            "homepage_url": "",
            "html_url": "https://github.com/quarkiverse/quarkus-jberet",
            "http_clone_url": "https://github.com/quarkiverse/quarkus-jberet.git",
            "id": "quarkus-jberet",
            "is_template": false,
            "license_template": null,
            "name": "quarkus-jberet",
            "node_id": "MDEwOlJlcG9zaXRvcnkyOTk4OTkzNzA=",
            "pages": [],
            "private": false,
            "repo_id": 299899370,
            "ssh_clone_url": "git@github.com:quarkiverse/quarkus-jberet.git",
            "svn_url": "https://github.com/quarkiverse/quarkus-jberet",
            "template": [],
            "topics": [
              "batch",
              "java",
              "jberet",
              "jsr-352",
              "quarkus-extension"
            ],
            "visibility": "public",
            "vulnerability_alerts": false
          },
          "sensitive_attributes": [],
          "private": "bnVsbA=="
        }
      ]
    },
    {
      "module": "module.repositories",
      "mode": "managed",
      "type": "github_repository",
      "name": "quarkus_prettytime",
      "provider": "provider[\"registry.terraform.io/hashicorp/github\"]",
      "instances": [
        {
          "schema_version": 0,
          "attributes": {
            "allow_auto_merge": false,
            "allow_merge_commit": true,
            "allow_rebase_merge": true,
            "allow_squash_merge": true,
            "archive_on_destroy": null,
            "archived": false,
            "auto_init": false,
            "default_branch": "main",
            "delete_branch_on_merge": true,
            "description": "Quarkus Extension for Social Style Date and Time Formatting",
            "etag": "W/\"72763a41da7d1783c715335606f7e7b21f84a3dc0e5725e2691fd0c24b277723\"",
            "full_name": "quarkiverse/quarkus-prettytime",
            "git_clone_url": "git://github.com/quarkiverse/quarkus-prettytime.git",
            "gitignore_template": null,
            "has_downloads": false,
            "has_issues": false,
            "has_projects": false,
            "has_wiki": false,
            "homepage_url": "",
            "html_url": "https://github.com/quarkiverse/quarkus-prettytime",
            "http_clone_url": "https://github.com/quarkiverse/quarkus-prettytime.git",
            "id": "quarkus-prettytime",
            "is_template": false,
            "license_template": null,
            "name": "quarkus-prettytime",
            "node_id": "MDEwOlJlcG9zaXRvcnkzNDY1NTE0MjI=",
            "pages": [],
            "private": false,
            "repo_id": 346551422,
            "ssh_clone_url": "git@github.com:quarkiverse/quarkus-prettytime.git",
            "svn_url": "https://github.com/quarkiverse/quarkus-prettytime",
            "template": [
              {
                "owner": "quarkiverse",
                "repository": "quarkiverse-template"
              }
            ],
            "topics": [
              "quarkus-extension"
            ],
            "visibility": "public",
            "vulnerability_alerts": false
          },
          "sensitive_attributes": [],
          "private": "bnVsbA=="
        }
      ]
    },
    {
      "module": "module.repositories",
      "mode": "managed",
      "type": "github_repository",
      "name": "quarkus_xmlsec",
      "provider": "provider[\"registry.terraform.io/hashicorp/github\"]",
      "instances": [
        {
          "schema_version": 0,
          "attributes": {
            "allow_auto_merge": false,
            "allow_merge_commit": true,
            "allow_rebase_merge": true,
            "allow_squash_merge": true,
            "archive_on_destroy": null,
            "archived": false,
            "auto_init": false,
            "default_branch": "main",
            "delete_branch_on_merge": true,
            "description": "Quarkus XML Security extension",
            "etag": "W/\"e28eb4757087a048f202de9f2e447850e5d7be677a0355aa70d26633db1b2adc\"",
            "full_name": "quarkiverse/quarkus-xmlsec",
            "git_clone_url": "git://github.com/quarkiverse/quarkus-xmlsec.git",
            "gitignore_template": null,
            "has_downloads": false,
            "has_issues": false,
            "has_projects": false,
            "has_wiki": false,
            "homepage_url": "",
            "html_url": "https://github.com/quarkiverse/quarkus-xmlsec",
            "http_clone_url": "https://github.com/quarkiverse/quarkus-xmlsec.git",
            "id": "quarkus-xmlsec",
            "is_template": false,
            "license_template": null,
            "name": "quarkus-xmlsec",
            "node_id": "R_kgDOGN_Bwg",
            "pages": [],
            "private": false,
            "repo_id": 417317314,
            "ssh_clone_url": "git@github.com:quarkiverse/quarkus-xmlsec.git",
            "svn_url": "https://github.com/quarkiverse/quarkus-xmlsec",
            "template": [],
            "topics": [
              "quarkus-extension"
            ],
            "visibility": "public",
            "vulnerability_alerts": false
          },
          "sensitive_attributes": [],
          "private": "bnVsbA=="
        }
      ]
    }
  ]
}
